
Microsoft Visual Studio Solution File, Format Version 12.00
Project("{2150E333-8FDC-42A3-9474-1A3956D46DE8}") = "src", "src", "{4EE3F8E4-5530-4879-9A0A-1609062FD4BE}"
EndProject
Project("{2150E333-8FDC-42A3-9474-1A3956D46DE8}") = "test", "test", "{67621ABF-0631-4224-BAC5-66958D353D99}"
EndProject
Project("{2150E333-8FDC-42A3-9474-1A3956D46DE8}") = "Login", "Login", "{426611A7-ED96-409A-85DC-52BF1E82000B}"
EndProject
Project("{FAE04EC0-301F-11D3-BF4B-00C04F79EFBC}") = "MassTransit.Login.LoginService", "MassTransit.Login.LoginService\MassTransit.Login.LoginService.csproj", "{EB133B93-8A4C-447D-80F0-1316839EBF09}"
EndProject
Project("{2150E333-8FDC-42A3-9474-1A3956D46DE8}") = "Shared", "Shared", "{D3F9ED27-5C9A-4DFB-B8C1-E8F1C8F0BF48}"
EndProject
Project("{FAE04EC0-301F-11D3-BF4B-00C04F79EFBC}") = "MassTransit.Shared.Infrastructure", "MassTransit.Shared.Infrastructure\MassTransit.Shared.Infrastructure.csproj", "{821418EE-A691-4C86-8AEE-5BF2AA994B4C}"
EndProject
Project("{2150E333-8FDC-42A3-9474-1A3956D46DE8}") = "Services", "Services", "{BAC25893-A2A4-426B-8958-1F1E45C90DE9}"
EndProject
Project("{2150E333-8FDC-42A3-9474-1A3956D46DE8}") = "API", "API", "{A05EB725-6AD8-4F19-AA8E-EFBE2D3A0983}"
EndProject
Project("{FAE04EC0-301F-11D3-BF4B-00C04F79EFBC}") = "MassTransitApi", "MassTransitApi\MassTransitApi.csproj", "{9DA74EBC-EF7B-432A-A514-EFBE169125CA}"
EndProject
Project("{2150E333-8FDC-42A3-9474-1A3956D46DE8}") = "Orchestration", "Orchestration", "{1EF90BBB-795F-4045-AB05-496BA36982EA}"
EndProject
Project("{FAE04EC0-301F-11D3-BF4B-00C04F79EFBC}") = "MassTransit.AccountOrchestrator", "MassTransit.AccountOrchestrator\MassTransit.AccountOrchestrator.csproj", "{ECACF359-461E-47D6-A2E3-B115945FEA90}"
EndProject
Project("{2150E333-8FDC-42A3-9474-1A3956D46DE8}") = "Account", "Account", "{04134321-C102-4E33-9D6D-3F843F149AAC}"
EndProject
Project("{FAE04EC0-301F-11D3-BF4B-00C04F79EFBC}") = "MassTransit.Account.AccountService", "MassTransit.Account.AccountService\MassTransit.Account.AccountService.csproj", "{009D5680-165A-41D6-8E2F-2FA694116588}"
EndProject
Project("{2150E333-8FDC-42A3-9474-1A3956D46DE8}") = "SignalR", "SignalR", "{D7AA7331-EB07-42F5-B04D-4554E62F32C1}"
EndProject
Project("{FAE04EC0-301F-11D3-BF4B-00C04F79EFBC}") = "MassTransit.SignalR.SignalRService", "MassTransit.SignalR.SignalRService\MassTransit.SignalR.SignalRService.csproj", "{39D0C1B8-6739-410B-90F9-4A7984FF6988}"
EndProject
Global
	GlobalSection(SolutionConfigurationPlatforms) = preSolution
		Debug|Any CPU = Debug|Any CPU
		Release|Any CPU = Release|Any CPU
	EndGlobalSection
	GlobalSection(NestedProjects) = preSolution
		{EB133B93-8A4C-447D-80F0-1316839EBF09} = {426611A7-ED96-409A-85DC-52BF1E82000B}
		{D3F9ED27-5C9A-4DFB-B8C1-E8F1C8F0BF48} = {4EE3F8E4-5530-4879-9A0A-1609062FD4BE}
		{821418EE-A691-4C86-8AEE-5BF2AA994B4C} = {D3F9ED27-5C9A-4DFB-B8C1-E8F1C8F0BF48}
		{BAC25893-A2A4-426B-8958-1F1E45C90DE9} = {4EE3F8E4-5530-4879-9A0A-1609062FD4BE}
		{426611A7-ED96-409A-85DC-52BF1E82000B} = {BAC25893-A2A4-426B-8958-1F1E45C90DE9}
		{A05EB725-6AD8-4F19-AA8E-EFBE2D3A0983} = {4EE3F8E4-5530-4879-9A0A-1609062FD4BE}
		{9DA74EBC-EF7B-432A-A514-EFBE169125CA} = {A05EB725-6AD8-4F19-AA8E-EFBE2D3A0983}
		{1EF90BBB-795F-4045-AB05-496BA36982EA} = {BAC25893-A2A4-426B-8958-1F1E45C90DE9}
		{ECACF359-461E-47D6-A2E3-B115945FEA90} = {1EF90BBB-795F-4045-AB05-496BA36982EA}
		{04134321-C102-4E33-9D6D-3F843F149AAC} = {BAC25893-A2A4-426B-8958-1F1E45C90DE9}
		{009D5680-165A-41D6-8E2F-2FA694116588} = {04134321-C102-4E33-9D6D-3F843F149AAC}
		{D7AA7331-EB07-42F5-B04D-4554E62F32C1} = {BAC25893-A2A4-426B-8958-1F1E45C90DE9}
		{39D0C1B8-6739-410B-90F9-4A7984FF6988} = {D7AA7331-EB07-42F5-B04D-4554E62F32C1}
	EndGlobalSection
	GlobalSection(ProjectConfigurationPlatforms) = postSolution
		{EB133B93-8A4C-447D-80F0-1316839EBF09}.Debug|Any CPU.ActiveCfg = Debug|Any CPU
		{EB133B93-8A4C-447D-80F0-1316839EBF09}.Debug|Any CPU.Build.0 = Debug|Any CPU
		{EB133B93-8A4C-447D-80F0-1316839EBF09}.Release|Any CPU.ActiveCfg = Release|Any CPU
		{EB133B93-8A4C-447D-80F0-1316839EBF09}.Release|Any CPU.Build.0 = Release|Any CPU
		{821418EE-A691-4C86-8AEE-5BF2AA994B4C}.Debug|Any CPU.ActiveCfg = Debug|Any CPU
		{821418EE-A691-4C86-8AEE-5BF2AA994B4C}.Debug|Any CPU.Build.0 = Debug|Any CPU
		{821418EE-A691-4C86-8AEE-5BF2AA994B4C}.Release|Any CPU.ActiveCfg = Release|Any CPU
		{821418EE-A691-4C86-8AEE-5BF2AA994B4C}.Release|Any CPU.Build.0 = Release|Any CPU
		{9DA74EBC-EF7B-432A-A514-EFBE169125CA}.Debug|Any CPU.ActiveCfg = Debug|Any CPU
		{9DA74EBC-EF7B-432A-A514-EFBE169125CA}.Debug|Any CPU.Build.0 = Debug|Any CPU
		{9DA74EBC-EF7B-432A-A514-EFBE169125CA}.Release|Any CPU.ActiveCfg = Release|Any CPU
		{9DA74EBC-EF7B-432A-A514-EFBE169125CA}.Release|Any CPU.Build.0 = Release|Any CPU
		{ECACF359-461E-47D6-A2E3-B115945FEA90}.Debug|Any CPU.ActiveCfg = Debug|Any CPU
		{ECACF359-461E-47D6-A2E3-B115945FEA90}.Debug|Any CPU.Build.0 = Debug|Any CPU
		{ECACF359-461E-47D6-A2E3-B115945FEA90}.Release|Any CPU.ActiveCfg = Release|Any CPU
		{ECACF359-461E-47D6-A2E3-B115945FEA90}.Release|Any CPU.Build.0 = Release|Any CPU
		{009D5680-165A-41D6-8E2F-2FA694116588}.Debug|Any CPU.ActiveCfg = Debug|Any CPU
		{009D5680-165A-41D6-8E2F-2FA694116588}.Debug|Any CPU.Build.0 = Debug|Any CPU
		{009D5680-165A-41D6-8E2F-2FA694116588}.Release|Any CPU.ActiveCfg = Release|Any CPU
		{009D5680-165A-41D6-8E2F-2FA694116588}.Release|Any CPU.Build.0 = Release|Any CPU
		{39D0C1B8-6739-410B-90F9-4A7984FF6988}.Debug|Any CPU.ActiveCfg = Debug|Any CPU
		{39D0C1B8-6739-410B-90F9-4A7984FF6988}.Debug|Any CPU.Build.0 = Debug|Any CPU
		{39D0C1B8-6739-410B-90F9-4A7984FF6988}.Release|Any CPU.ActiveCfg = Release|Any CPU
		{39D0C1B8-6739-410B-90F9-4A7984FF6988}.Release|Any CPU.Build.0 = Release|Any CPU
	EndGlobalSection
EndGlobal
